// !$*UTF8*$!
{
	archiveVersion = 1;
	classes = {
	};
	objectVersion = 56;
	objects = {

/* Begin PBXBuildFile section */
		F91BFAFE294E152500A0DE08 /* What_s_the_colorApp.swift in Sources */ = {isa = PBXBuildFile; fileRef = F91BFAFD294E152500A0DE08 /* What_s_the_colorApp.swift */; };
		F91BFB02294E152A00A0DE08 /* Assets.xcassets in Resources */ = {isa = PBXBuildFile; fileRef = F91BFB01294E152A00A0DE08 /* Assets.xcassets */; };
		F91BFB06294E152A00A0DE08 /* Preview Assets.xcassets in Resources */ = {isa = PBXBuildFile; fileRef = F91BFB05294E152A00A0DE08 /* Preview Assets.xcassets */; };
		F91BFB27294E156200A0DE08 /* ColorTestViewModel.swift in Sources */ = {isa = PBXBuildFile; fileRef = F91BFB0D294E156100A0DE08 /* ColorTestViewModel.swift */; };
		F91BFB28294E156200A0DE08 /* AppDelegate.swift in Sources */ = {isa = PBXBuildFile; fileRef = F91BFB0E294E156200A0DE08 /* AppDelegate.swift */; };
		F91BFB29294E156200A0DE08 /* RestrictToPortraitKey.swift in Sources */ = {isa = PBXBuildFile; fileRef = F91BFB0F294E156200A0DE08 /* RestrictToPortraitKey.swift */; };
		F91BFB2A294E156200A0DE08 /* TestAverageResult.swift in Sources */ = {isa = PBXBuildFile; fileRef = F91BFB11294E156200A0DE08 /* TestAverageResult.swift */; };
		F91BFB2B294E156200A0DE08 /* TestLevelResult.swift in Sources */ = {isa = PBXBuildFile; fileRef = F91BFB12294E156200A0DE08 /* TestLevelResult.swift */; };
		F91BFB2C294E156200A0DE08 /* ColorType.swift in Sources */ = {isa = PBXBuildFile; fileRef = F91BFB13294E156200A0DE08 /* ColorType.swift */; };
		F91BFB2D294E156200A0DE08 /* ColorBlindnessType.swift in Sources */ = {isa = PBXBuildFile; fileRef = F91BFB14294E156200A0DE08 /* ColorBlindnessType.swift */; };
		F91BFB2E294E156200A0DE08 /* TestData.swift in Sources */ = {isa = PBXBuildFile; fileRef = F91BFB15294E156200A0DE08 /* TestData.swift */; };
		F91BFB2F294E156200A0DE08 /* ColorBlindnessTest.swift in Sources */ = {isa = PBXBuildFile; fileRef = F91BFB16294E156200A0DE08 /* ColorBlindnessTest.swift */; };
		F91BFB30294E156200A0DE08 /* ColorContext.swift in Sources */ = {isa = PBXBuildFile; fileRef = F91BFB17294E156200A0DE08 /* ColorContext.swift */; };
		F91BFB31294E156200A0DE08 /* ColorChoice.swift in Sources */ = {isa = PBXBuildFile; fileRef = F91BFB18294E156200A0DE08 /* ColorChoice.swift */; };
		F91BFB32294E156200A0DE08 /* TestLevel.swift in Sources */ = {isa = PBXBuildFile; fileRef = F91BFB19294E156200A0DE08 /* TestLevel.swift */; };
		F91BFB33294E156200A0DE08 /* GroupBoxNavigationLink.swift in Sources */ = {isa = PBXBuildFile; fileRef = F91BFB1B294E156200A0DE08 /* GroupBoxNavigationLink.swift */; };
		F91BFB34294E156200A0DE08 /* TestResultView.swift in Sources */ = {isa = PBXBuildFile; fileRef = F91BFB1C294E156200A0DE08 /* TestResultView.swift */; };
		F91BFB35294E156200A0DE08 /* ColorGridButton.swift in Sources */ = {isa = PBXBuildFile; fileRef = F91BFB1D294E156200A0DE08 /* ColorGridButton.swift */; };
		F91BFB36294E156200A0DE08 /* ColorRecogniserVC.swift in Sources */ = {isa = PBXBuildFile; fileRef = F91BFB1E294E156200A0DE08 /* ColorRecogniserVC.swift */; };
		F91BFB37294E156200A0DE08 /* ColorTestView.swift in Sources */ = {isa = PBXBuildFile; fileRef = F91BFB1F294E156200A0DE08 /* ColorTestView.swift */; };
		F91BFB38294E156200A0DE08 /* GroupedGridView.swift in Sources */ = {isa = PBXBuildFile; fileRef = F91BFB20294E156200A0DE08 /* GroupedGridView.swift */; };
		F91BFB39294E156200A0DE08 /* ColorBlindnessIconView.swift in Sources */ = {isa = PBXBuildFile; fileRef = F91BFB21294E156200A0DE08 /* ColorBlindnessIconView.swift */; };
		F91BFB3A294E156200A0DE08 /* CircularProgressView.swift in Sources */ = {isa = PBXBuildFile; fileRef = F91BFB22294E156200A0DE08 /* CircularProgressView.swift */; };
		F91BFB3B294E156200A0DE08 /* ColorBlindnessInfoView.swift in Sources */ = {isa = PBXBuildFile; fileRef = F91BFB23294E156200A0DE08 /* ColorBlindnessInfoView.swift */; };
		F91BFB3C294E156200A0DE08 /* TestLevelView.swift in Sources */ = {isa = PBXBuildFile; fileRef = F91BFB24294E156200A0DE08 /* TestLevelView.swift */; };
		F91BFB3D294E156200A0DE08 /* ColorTestInstructionView.swift in Sources */ = {isa = PBXBuildFile; fileRef = F91BFB25294E156200A0DE08 /* ColorTestInstructionView.swift */; };
		F91BFB3E294E156200A0DE08 /* ContentView.swift in Sources */ = {isa = PBXBuildFile; fileRef = F91BFB26294E156200A0DE08 /* ContentView.swift */; };
/* End PBXBuildFile section */

/* Begin PBXFileReference section */
		F91BFAFA294E152500A0DE08 /* What's the color.app */ = {isa = PBXFileReference; explicitFileType = wrapper.application; includeInIndex = 0; path = "What's the color.app"; sourceTree = BUILT_PRODUCTS_DIR; };
		F91BFAFD294E152500A0DE08 /* What_s_the_colorApp.swift */ = {isa = PBXFileReference; lastKnownFileType = sourcecode.swift; path = What_s_the_colorApp.swift; sourceTree = "<group>"; };
		F91BFB01294E152A00A0DE08 /* Assets.xcassets */ = {isa = PBXFileReference; lastKnownFileType = folder.assetcatalog; path = Assets.xcassets; sourceTree = "<group>"; };
		F91BFB03294E152A00A0DE08 /* What_s_the_color.entitlements */ = {isa = PBXFileReference; lastKnownFileType = text.plist.entitlements; path = What_s_the_color.entitlements; sourceTree = "<group>"; };
		F91BFB05294E152A00A0DE08 /* Preview Assets.xcassets */ = {isa = PBXFileReference; lastKnownFileType = folder.assetcatalog; path = "Preview Assets.xcassets"; sourceTree = "<group>"; };
		F91BFB0D294E156100A0DE08 /* ColorTestViewModel.swift */ = {isa = PBXFileReference; fileEncoding = 4; lastKnownFileType = sourcecode.swift; path = ColorTestViewModel.swift; sourceTree = "<group>"; };
		F91BFB0E294E156200A0DE08 /* AppDelegate.swift */ = {isa = PBXFileReference; fileEncoding = 4; lastKnownFileType = sourcecode.swift; path = AppDelegate.swift; sourceTree = "<group>"; };
		F91BFB0F294E156200A0DE08 /* RestrictToPortraitKey.swift */ = {isa = PBXFileReference; fileEncoding = 4; lastKnownFileType = sourcecode.swift; path = RestrictToPortraitKey.swift; sourceTree = "<group>"; };
		F91BFB11294E156200A0DE08 /* TestAverageResult.swift */ = {isa = PBXFileReference; fileEncoding = 4; lastKnownFileType = sourcecode.swift; path = TestAverageResult.swift; sourceTree = "<group>"; };
		F91BFB12294E156200A0DE08 /* TestLevelResult.swift */ = {isa = PBXFileReference; fileEncoding = 4; lastKnownFileType = sourcecode.swift; path = TestLevelResult.swift; sourceTree = "<group>"; };
		F91BFB13294E156200A0DE08 /* ColorType.swift */ = {isa = PBXFileReference; fileEncoding = 4; lastKnownFileType = sourcecode.swift; path = ColorType.swift; sourceTree = "<group>"; };
		F91BFB14294E156200A0DE08 /* ColorBlindnessType.swift */ = {isa = PBXFileReference; fileEncoding = 4; lastKnownFileType = sourcecode.swift; path = ColorBlindnessType.swift; sourceTree = "<group>"; };
		F91BFB15294E156200A0DE08 /* TestData.swift */ = {isa = PBXFileReference; fileEncoding = 4; lastKnownFileType = sourcecode.swift; path = TestData.swift; sourceTree = "<group>"; };
		F91BFB16294E156200A0DE08 /* ColorBlindnessTest.swift */ = {isa = PBXFileReference; fileEncoding = 4; lastKnownFileType = sourcecode.swift; path = ColorBlindnessTest.swift; sourceTree = "<group>"; };
		F91BFB17294E156200A0DE08 /* ColorContext.swift */ = {isa = PBXFileReference; fileEncoding = 4; lastKnownFileType = sourcecode.swift; path = ColorContext.swift; sourceTree = "<group>"; };
		F91BFB18294E156200A0DE08 /* ColorChoice.swift */ = {isa = PBXFileReference; fileEncoding = 4; lastKnownFileType = sourcecode.swift; path = ColorChoice.swift; sourceTree = "<group>"; };
		F91BFB19294E156200A0DE08 /* TestLevel.swift */ = {isa = PBXFileReference; fileEncoding = 4; lastKnownFileType = sourcecode.swift; path = TestLevel.swift; sourceTree = "<group>"; };
		F91BFB1B294E156200A0DE08 /* GroupBoxNavigationLink.swift */ = {isa = PBXFileReference; fileEncoding = 4; lastKnownFileType = sourcecode.swift; path = GroupBoxNavigationLink.swift; sourceTree = "<group>"; };
		F91BFB1C294E156200A0DE08 /* TestResultView.swift */ = {isa = PBXFileReference; fileEncoding = 4; lastKnownFileType = sourcecode.swift; path = TestResultView.swift; sourceTree = "<group>"; };
		F91BFB1D294E156200A0DE08 /* ColorGridButton.swift */ = {isa = PBXFileReference; fileEncoding = 4; lastKnownFileType = sourcecode.swift; path = ColorGridButton.swift; sourceTree = "<group>"; };
		F91BFB1E294E156200A0DE08 /* ColorRecogniserVC.swift */ = {isa = PBXFileReference; fileEncoding = 4; lastKnownFileType = sourcecode.swift; path = ColorRecogniserVC.swift; sourceTree = "<group>"; };
		F91BFB1F294E156200A0DE08 /* ColorTestView.swift */ = {isa = PBXFileReference; fileEncoding = 4; lastKnownFileType = sourcecode.swift; path = ColorTestView.swift; sourceTree = "<group>"; };
		F91BFB20294E156200A0DE08 /* GroupedGridView.swift */ = {isa = PBXFileReference; fileEncoding = 4; lastKnownFileType = sourcecode.swift; path = GroupedGridView.swift; sourceTree = "<group>"; };
		F91BFB21294E156200A0DE08 /* ColorBlindnessIconView.swift */ = {isa = PBXFileReference; fileEncoding = 4; lastKnownFileType = sourcecode.swift; path = ColorBlindnessIconView.swift; sourceTree = "<group>"; };
		F91BFB22294E156200A0DE08 /* CircularProgressView.swift */ = {isa = PBXFileReference; fileEncoding = 4; lastKnownFileType = sourcecode.swift; path = CircularProgressView.swift; sourceTree = "<group>"; };
		F91BFB23294E156200A0DE08 /* ColorBlindnessInfoView.swift */ = {isa = PBXFileReference; fileEncoding = 4; lastKnownFileType = sourcecode.swift; path = ColorBlindnessInfoView.swift; sourceTree = "<group>"; };
		F91BFB24294E156200A0DE08 /* TestLevelView.swift */ = {isa = PBXFileReference; fileEncoding = 4; lastKnownFileType = sourcecode.swift; path = TestLevelView.swift; sourceTree = "<group>"; };
		F91BFB25294E156200A0DE08 /* ColorTestInstructionView.swift */ = {isa = PBXFileReference; fileEncoding = 4; lastKnownFileType = sourcecode.swift; path = ColorTestInstructionView.swift; sourceTree = "<group>"; };
		F91BFB26294E156200A0DE08 /* ContentView.swift */ = {isa = PBXFileReference; fileEncoding = 4; lastKnownFileType = sourcecode.swift; path = ContentView.swift; sourceTree = "<group>"; };
/* End PBXFileReference section */

/* Begin PBXFrameworksBuildPhase section */
		F91BFAF7294E152500A0DE08 /* Frameworks */ = {
			isa = PBXFrameworksBuildPhase;
			buildActionMask = 2147483647;
			files = (
			);
			runOnlyForDeploymentPostprocessing = 0;
		};
/* End PBXFrameworksBuildPhase section */

/* Begin PBXGroup section */
		F91BFAF1294E152500A0DE08 = {
			isa = PBXGroup;
			children = (
				F91BFAFC294E152500A0DE08 /* What's the color */,
				F91BFAFB294E152500A0DE08 /* Products */,
			);
			sourceTree = "<group>";
		};
		F91BFAFB294E152500A0DE08 /* Products */ = {
			isa = PBXGroup;
			children = (
				F91BFAFA294E152500A0DE08 /* What's the color.app */,
			);
			name = Products;
			sourceTree = "<group>";
		};
		F91BFAFC294E152500A0DE08 /* What's the color */ = {
			isa = PBXGroup;
			children = (
				F91BFB0E294E156200A0DE08 /* AppDelegate.swift */,
				F91BFB10294E156200A0DE08 /* Models */,
				F91BFB0F294E156200A0DE08 /* RestrictToPortraitKey.swift */,
				F91BFB0C294E156100A0DE08 /* ViewModels */,
				F91BFB1A294E156200A0DE08 /* Views */,
				F91BFAFD294E152500A0DE08 /* What_s_the_colorApp.swift */,
				F91BFB01294E152A00A0DE08 /* Assets.xcassets */,
				F91BFB03294E152A00A0DE08 /* What_s_the_color.entitlements */,
				F91BFB04294E152A00A0DE08 /* Preview Content */,
			);
			path = "What's the color";
			sourceTree = "<group>";
		};
		F91BFB04294E152A00A0DE08 /* Preview Content */ = {
			isa = PBXGroup;
			children = (
				F91BFB05294E152A00A0DE08 /* Preview Assets.xcassets */,
			);
			path = "Preview Content";
			sourceTree = "<group>";
		};
		F91BFB0C294E156100A0DE08 /* ViewModels */ = {
			isa = PBXGroup;
			children = (
				F91BFB0D294E156100A0DE08 /* ColorTestViewModel.swift */,
			);
			path = ViewModels;
			sourceTree = "<group>";
		};
		F91BFB10294E156200A0DE08 /* Models */ = {
			isa = PBXGroup;
			children = (
				F91BFB11294E156200A0DE08 /* TestAverageResult.swift */,
				F91BFB12294E156200A0DE08 /* TestLevelResult.swift */,
				F91BFB13294E156200A0DE08 /* ColorType.swift */,
				F91BFB14294E156200A0DE08 /* ColorBlindnessType.swift */,
				F91BFB15294E156200A0DE08 /* TestData.swift */,
				F91BFB16294E156200A0DE08 /* ColorBlindnessTest.swift */,
				F91BFB17294E156200A0DE08 /* ColorContext.swift */,
				F91BFB18294E156200A0DE08 /* ColorChoice.swift */,
				F91BFB19294E156200A0DE08 /* TestLevel.swift */,
			);
			path = Models;
			sourceTree = "<group>";
		};
		F91BFB1A294E156200A0DE08 /* Views */ = {
			isa = PBXGroup;
			children = (
				F91BFB1B294E156200A0DE08 /* GroupBoxNavigationLink.swift */,
				F91BFB1C294E156200A0DE08 /* TestResultView.swift */,
				F91BFB1D294E156200A0DE08 /* ColorGridButton.swift */,
				F91BFB1E294E156200A0DE08 /* ColorRecogniserVC.swift */,
				F91BFB1F294E156200A0DE08 /* ColorTestView.swift */,
				F91BFB20294E156200A0DE08 /* GroupedGridView.swift */,
				F91BFB21294E156200A0DE08 /* ColorBlindnessIconView.swift */,
				F91BFB22294E156200A0DE08 /* CircularProgressView.swift */,
				F91BFB23294E156200A0DE08 /* ColorBlindnessInfoView.swift */,
				F91BFB24294E156200A0DE08 /* TestLevelView.swift */,
				F91BFB25294E156200A0DE08 /* ColorTestInstructionView.swift */,
				F91BFB26294E156200A0DE08 /* ContentView.swift */,
			);
			path = Views;
			sourceTree = "<group>";
		};
/* End PBXGroup section */

/* Begin PBXNativeTarget section */
		F91BFAF9294E152500A0DE08 /* What's the color */ = {
			isa = PBXNativeTarget;
			buildConfigurationList = F91BFB09294E152A00A0DE08 /* Build configuration list for PBXNativeTarget "What's the color" */;
			buildPhases = (
				F91BFAF6294E152500A0DE08 /* Sources */,
				F91BFAF7294E152500A0DE08 /* Frameworks */,
				F91BFAF8294E152500A0DE08 /* Resources */,
			);
			buildRules = (
			);
			dependencies = (
			);
			name = "What's the color";
			productName = "What's the color";
			productReference = F91BFAFA294E152500A0DE08 /* What's the color.app */;
			productType = "com.apple.product-type.application";
		};
/* End PBXNativeTarget section */

/* Begin PBXProject section */
		F91BFAF2294E152500A0DE08 /* Project object */ = {
			isa = PBXProject;
			attributes = {
				BuildIndependentTargetsInParallel = 1;
				LastSwiftUpdateCheck = 1410;
				LastUpgradeCheck = 1410;
				TargetAttributes = {
					F91BFAF9294E152500A0DE08 = {
						CreatedOnToolsVersion = 14.1;
					};
				};
			};
			buildConfigurationList = F91BFAF5294E152500A0DE08 /* Build configuration list for PBXProject "What's the color" */;
			compatibilityVersion = "Xcode 14.0";
			developmentRegion = en;
			hasScannedForEncodings = 0;
			knownRegions = (
				en,
				Base,
			);
			mainGroup = F91BFAF1294E152500A0DE08;
			productRefGroup = F91BFAFB294E152500A0DE08 /* Products */;
			projectDirPath = "";
			projectRoot = "";
			targets = (
				F91BFAF9294E152500A0DE08 /* What's the color */,
			);
		};
/* End PBXProject section */

/* Begin PBXResourcesBuildPhase section */
		F91BFAF8294E152500A0DE08 /* Resources */ = {
			isa = PBXResourcesBuildPhase;
			buildActionMask = 2147483647;
			files = (
				F91BFB06294E152A00A0DE08 /* Preview Assets.xcassets in Resources */,
				F91BFB02294E152A00A0DE08 /* Assets.xcassets in Resources */,
			);
			runOnlyForDeploymentPostprocessing = 0;
		};
/* End PBXResourcesBuildPhase section */

/* Begin PBXSourcesBuildPhase section */
		F91BFAF6294E152500A0DE08 /* Sources */ = {
			isa = PBXSourcesBuildPhase;
			buildActionMask = 2147483647;
			files = (
				F91BFB2E294E156200A0DE08 /* TestData.swift in Sources */,
				F91BFB3E294E156200A0DE08 /* ContentView.swift in Sources */,
				F91BFB35294E156200A0DE08 /* ColorGridButton.swift in Sources */,
				F91BFB28294E156200A0DE08 /* AppDelegate.swift in Sources */,
				F91BFB32294E156200A0DE08 /* TestLevel.swift in Sources */,
				F91BFB30294E156200A0DE08 /* ColorContext.swift in Sources */,
				F91BFB2F294E156200A0DE08 /* ColorBlindnessTest.swift in Sources */,
				F91BFB2C294E156200A0DE08 /* ColorType.swift in Sources */,
				F91BFB3B294E156200A0DE08 /* ColorBlindnessInfoView.swift in Sources */,
				F91BFB3C294E156200A0DE08 /* TestLevelView.swift in Sources */,
				F91BFB2B294E156200A0DE08 /* TestLevelResult.swift in Sources */,
				F91BFB33294E156200A0DE08 /* GroupBoxNavigationLink.swift in Sources */,
				F91BFB2A294E156200A0DE08 /* TestAverageResult.swift in Sources */,
				F91BFB3A294E156200A0DE08 /* CircularProgressView.swift in Sources */,
				F91BFB37294E156200A0DE08 /* ColorTestView.swift in Sources */,
				F91BFB34294E156200A0DE08 /* TestResultView.swift in Sources */,
				F91BFB39294E156200A0DE08 /* ColorBlindnessIconView.swift in Sources */,
				F91BFB27294E156200A0DE08 /* ColorTestViewModel.swift in Sources */,
				F91BFB38294E156200A0DE08 /* GroupedGridView.swift in Sources */,
				F91BFB36294E156200A0DE08 /* ColorRecogniserVC.swift in Sources */,
				F91BFAFE294E152500A0DE08 /* What_s_the_colorApp.swift in Sources */,
				F91BFB2D294E156200A0DE08 /* ColorBlindnessType.swift in Sources */,
				F91BFB3D294E156200A0DE08 /* ColorTestInstructionView.swift in Sources */,
				F91BFB31294E156200A0DE08 /* ColorChoice.swift in Sources */,
				F91BFB29294E156200A0DE08 /* RestrictToPortraitKey.swift in Sources */,
			);
			runOnlyForDeploymentPostprocessing = 0;
		};
/* End PBXSourcesBuildPhase section */

/* Begin XCBuildConfiguration section */
		F91BFB07294E152A00A0DE08 /* Debug */ = {
			isa = XCBuildConfiguration;
			buildSettings = {
				ALWAYS_SEARCH_USER_PATHS = NO;
				CLANG_ANALYZER_NONNULL = YES;
				CLANG_ANALYZER_NUMBER_OBJECT_CONVERSION = YES_AGGRESSIVE;
				CLANG_CXX_LANGUAGE_STANDARD = "gnu++20";
				CLANG_ENABLE_MODULES = YES;
				CLANG_ENABLE_OBJC_ARC = YES;
				CLANG_ENABLE_OBJC_WEAK = YES;
				CLANG_WARN_BLOCK_CAPTURE_AUTORELEASING = YES;
				CLANG_WARN_BOOL_CONVERSION = YES;
				CLANG_WARN_COMMA = YES;
				CLANG_WARN_CONSTANT_CONVERSION = YES;
				CLANG_WARN_DEPRECATED_OBJC_IMPLEMENTATIONS = YES;
				CLANG_WARN_DIRECT_OBJC_ISA_USAGE = YES_ERROR;
				CLANG_WARN_DOCUMENTATION_COMMENTS = YES;
				CLANG_WARN_EMPTY_BODY = YES;
				CLANG_WARN_ENUM_CONVERSION = YES;
				CLANG_WARN_INFINITE_RECURSION = YES;
				CLANG_WARN_INT_CONVERSION = YES;
				CLANG_WARN_NON_LITERAL_NULL_CONVERSION = YES;
				CLANG_WARN_OBJC_IMPLICIT_RETAIN_SELF = YES;
				CLANG_WARN_OBJC_LITERAL_CONVERSION = YES;
				CLANG_WARN_OBJC_ROOT_CLASS = YES_ERROR;
				CLANG_WARN_QUOTED_INCLUDE_IN_FRAMEWORK_HEADER = YES;
				CLANG_WARN_RANGE_LOOP_ANALYSIS = YES;
				CLANG_WARN_STRICT_PROTOTYPES = YES;
				CLANG_WARN_SUSPICIOUS_MOVE = YES;
				CLANG_WARN_UNGUARDED_AVAILABILITY = YES_AGGRESSIVE;
				CLANG_WARN_UNREACHABLE_CODE = YES;
				CLANG_WARN__DUPLICATE_METHOD_MATCH = YES;
				COPY_PHASE_STRIP = NO;
				DEBUG_INFORMATION_FORMAT = dwarf;
				ENABLE_STRICT_OBJC_MSGSEND = YES;
				ENABLE_TESTABILITY = YES;
				GCC_C_LANGUAGE_STANDARD = gnu11;
				GCC_DYNAMIC_NO_PIC = NO;
				GCC_NO_COMMON_BLOCKS = YES;
				GCC_OPTIMIZATION_LEVEL = 0;
				GCC_PREPROCESSOR_DEFINITIONS = (
					"DEBUG=1",
					"$(inherited)",
				);
				GCC_WARN_64_TO_32_BIT_CONVERSION = YES;
				GCC_WARN_ABOUT_RETURN_TYPE = YES_ERROR;
				GCC_WARN_UNDECLARED_SELECTOR = YES;
				GCC_WARN_UNINITIALIZED_AUTOS = YES_AGGRESSIVE;
				GCC_WARN_UNUSED_FUNCTION = YES;
				GCC_WARN_UNUSED_VARIABLE = YES;
				MTL_ENABLE_DEBUG_INFO = INCLUDE_SOURCE;
				MTL_FAST_MATH = YES;
				ONLY_ACTIVE_ARCH = YES;
				SWIFT_ACTIVE_COMPILATION_CONDITIONS = DEBUG;
				SWIFT_OPTIMIZATION_LEVEL = "-Onone";
			};
			name = Debug;
		};
		F91BFB08294E152A00A0DE08 /* Release */ = {
			isa = XCBuildConfiguration;
			buildSettings = {
				ALWAYS_SEARCH_USER_PATHS = NO;
				CLANG_ANALYZER_NONNULL = YES;
				CLANG_ANALYZER_NUMBER_OBJECT_CONVERSION = YES_AGGRESSIVE;
				CLANG_CXX_LANGUAGE_STANDARD = "gnu++20";
				CLANG_ENABLE_MODULES = YES;
				CLANG_ENABLE_OBJC_ARC = YES;
				CLANG_ENABLE_OBJC_WEAK = YES;
				CLANG_WARN_BLOCK_CAPTURE_AUTORELEASING = YES;
				CLANG_WARN_BOOL_CONVERSION = YES;
				CLANG_WARN_COMMA = YES;
				CLANG_WARN_CONSTANT_CONVERSION = YES;
				CLANG_WARN_DEPRECATED_OBJC_IMPLEMENTATIONS = YES;
				CLANG_WARN_DIRECT_OBJC_ISA_USAGE = YES_ERROR;
				CLANG_WARN_DOCUMENTATION_COMMENTS = YES;
				CLANG_WARN_EMPTY_BODY = YES;
				CLANG_WARN_ENUM_CONVERSION = YES;
				CLANG_WARN_INFINITE_RECURSION = YES;
				CLANG_WARN_INT_CONVERSION = YES;
				CLANG_WARN_NON_LITERAL_NULL_CONVERSION = YES;
				CLANG_WARN_OBJC_IMPLICIT_RETAIN_SELF = YES;
				CLANG_WARN_OBJC_LITERAL_CONVERSION = YES;
				CLANG_WARN_OBJC_ROOT_CLASS = YES_ERROR;
				CLANG_WARN_QUOTED_INCLUDE_IN_FRAMEWORK_HEADER = YES;
				CLANG_WARN_RANGE_LOOP_ANALYSIS = YES;
				CLANG_WARN_STRICT_PROTOTYPES = YES;
				CLANG_WARN_SUSPICIOUS_MOVE = YES;
				CLANG_WARN_UNGUARDED_AVAILABILITY = YES_AGGRESSIVE;
				CLANG_WARN_UNREACHABLE_CODE = YES;
				CLANG_WARN__DUPLICATE_METHOD_MATCH = YES;
				COPY_PHASE_STRIP = NO;
				DEBUG_INFORMATION_FORMAT = "dwarf-with-dsym";
				ENABLE_NS_ASSERTIONS = NO;
				ENABLE_STRICT_OBJC_MSGSEND = YES;
				GCC_C_LANGUAGE_STANDARD = gnu11;
				GCC_NO_COMMON_BLOCKS = YES;
				GCC_WARN_64_TO_32_BIT_CONVERSION = YES;
				GCC_WARN_ABOUT_RETURN_TYPE = YES_ERROR;
				GCC_WARN_UNDECLARED_SELECTOR = YES;
				GCC_WARN_UNINITIALIZED_AUTOS = YES_AGGRESSIVE;
				GCC_WARN_UNUSED_FUNCTION = YES;
				GCC_WARN_UNUSED_VARIABLE = YES;
				MTL_ENABLE_DEBUG_INFO = NO;
				MTL_FAST_MATH = YES;
				SWIFT_COMPILATION_MODE = wholemodule;
				SWIFT_OPTIMIZATION_LEVEL = "-O";
			};
			name = Release;
		};
		F91BFB0A294E152A00A0DE08 /* Debug */ = {
			isa = XCBuildConfiguration;
			buildSettings = {
				ASSETCATALOG_COMPILER_APPICON_NAME = AppIcon;
				ASSETCATALOG_COMPILER_GLOBAL_ACCENT_COLOR_NAME = AccentColor;
				CODE_SIGN_ENTITLEMENTS = "What's the color/What_s_the_color.entitlements";
				CODE_SIGN_STYLE = Automatic;
				CURRENT_PROJECT_VERSION = 1;
				DEVELOPMENT_ASSET_PATHS = "\"What's the color/Preview Content\"";
				DEVELOPMENT_TEAM = C46R6LYQ84;
				ENABLE_HARDENED_RUNTIME = YES;
				ENABLE_PREVIEWS = YES;
				GENERATE_INFOPLIST_FILE = YES;
				INFOPLIST_KEY_NSCameraUsageDescription = "Whats the color uses camera to detect colors around you.";
				"INFOPLIST_KEY_UIApplicationSceneManifest_Generation[sdk=iphoneos*]" = YES;
				"INFOPLIST_KEY_UIApplicationSceneManifest_Generation[sdk=iphonesimulator*]" = YES;
				"INFOPLIST_KEY_UIApplicationSupportsIndirectInputEvents[sdk=iphoneos*]" = YES;
				"INFOPLIST_KEY_UIApplicationSupportsIndirectInputEvents[sdk=iphonesimulator*]" = YES;
				"INFOPLIST_KEY_UILaunchScreen_Generation[sdk=iphoneos*]" = YES;
				"INFOPLIST_KEY_UILaunchScreen_Generation[sdk=iphonesimulator*]" = YES;
				"INFOPLIST_KEY_UIStatusBarStyle[sdk=iphoneos*]" = UIStatusBarStyleDefault;
				"INFOPLIST_KEY_UIStatusBarStyle[sdk=iphonesimulator*]" = UIStatusBarStyleDefault;
				INFOPLIST_KEY_UISupportedInterfaceOrientations_iPad = "UIInterfaceOrientationPortrait UIInterfaceOrientationPortraitUpsideDown UIInterfaceOrientationLandscapeLeft UIInterfaceOrientationLandscapeRight";
				INFOPLIST_KEY_UISupportedInterfaceOrientations_iPhone = "UIInterfaceOrientationPortrait UIInterfaceOrientationLandscapeLeft UIInterfaceOrientationLandscapeRight";
				IPHONEOS_DEPLOYMENT_TARGET = 15.0;
				LD_RUNPATH_SEARCH_PATHS = "@executable_path/Frameworks";
				"LD_RUNPATH_SEARCH_PATHS[sdk=macosx*]" = "@executable_path/../Frameworks";
				MACOSX_DEPLOYMENT_TARGET = 12.6;
				MARKETING_VERSION = 1.0;
				PRODUCT_BUNDLE_IDENTIFIER = "in.pranjalverma.What-s-the-color";
				PRODUCT_NAME = "$(TARGET_NAME)";
				SDKROOT = auto;
				SUPPORTED_PLATFORMS = "iphoneos iphonesimulator";
				SUPPORTS_MACCATALYST = YES;
				SUPPORTS_MAC_DESIGNED_FOR_IPHONE_IPAD = NO;
				SWIFT_EMIT_LOC_STRINGS = YES;
				SWIFT_VERSION = 5.0;
				TARGETED_DEVICE_FAMILY = "1,2";
			};
			name = Debug;
		};
		F91BFB0B294E152A00A0DE08 /* Release */ = {
			isa = XCBuildConfiguration;
			buildSettings = {
				ASSETCATALOG_COMPILER_APPICON_NAME = AppIcon;
				ASSETCATALOG_COMPILER_GLOBAL_ACCENT_COLOR_NAME = AccentColor;
				CODE_SIGN_ENTITLEMENTS = "What's the color/What_s_the_color.entitlements";
				CODE_SIGN_STYLE = Automatic;
				CURRENT_PROJECT_VERSION = 1;
				DEVELOPMENT_ASSET_PATHS = "\"What's the color/Preview Content\"";
				DEVELOPMENT_TEAM = C46R6LYQ84;
				ENABLE_HARDENED_RUNTIME = YES;
				ENABLE_PREVIEWS = YES;
				GENERATE_INFOPLIST_FILE = YES;
				INFOPLIST_KEY_NSCameraUsageDescription = "Whats the color uses camera to detect colors around you.";
				"INFOPLIST_KEY_UIApplicationSceneManifest_Generation[sdk=iphoneos*]" = YES;
				"INFOPLIST_KEY_UIApplicationSceneManifest_Generation[sdk=iphonesimulator*]" = YES;
				"INFOPLIST_KEY_UIApplicationSupportsIndirectInputEvents[sdk=iphoneos*]" = YES;
				"INFOPLIST_KEY_UIApplicationSupportsIndirectInputEvents[sdk=iphonesimulator*]" = YES;
				"INFOPLIST_KEY_UILaunchScreen_Generation[sdk=iphoneos*]" = YES;
				"INFOPLIST_KEY_UILaunchScreen_Generation[sdk=iphonesimulator*]" = YES;
				"INFOPLIST_KEY_UIStatusBarStyle[sdk=iphoneos*]" = UIStatusBarStyleDefault;
				"INFOPLIST_KEY_UIStatusBarStyle[sdk=iphonesimulator*]" = UIStatusBarStyleDefault;
				INFOPLIST_KEY_UISupportedInterfaceOrientations_iPad = "UIInterfaceOrientationPortrait UIInterfaceOrientationPortraitUpsideDown UIInterfaceOrientationLandscapeLeft UIInterfaceOrientationLandscapeRight";
				INFOPLIST_KEY_UISupportedInterfaceOrientations_iPhone = "UIInterfaceOrientationPortrait UIInterfaceOrientationLandscapeLeft UIInterfaceOrientationLandscapeRight";
				IPHONEOS_DEPLOYMENT_TARGET = 15.0;
				LD_RUNPATH_SEARCH_PATHS = "@executable_path/Frameworks";
				"LD_RUNPATH_SEARCH_PATHS[sdk=macosx*]" = "@executable_path/../Frameworks";
				MACOSX_DEPLOYMENT_TARGET = 12.6;
				MARKETING_VERSION = 1.0;
				PRODUCT_BUNDLE_IDENTIFIER = "in.pranjalverma.What-s-the-color";
				PRODUCT_NAME = "$(TARGET_NAME)";
				SDKROOT = auto;
				SUPPORTED_PLATFORMS = "iphoneos iphonesimulator";
				SUPPORTS_MACCATALYST = YES;
				SUPPORTS_MAC_DESIGNED_FOR_IPHONE_IPAD = NO;
				SWIFT_EMIT_LOC_STRINGS = YES;
				SWIFT_VERSION = 5.0;
				TARGETED_DEVICE_FAMILY = "1,2";
			};
			name = Release;
		};
/* End XCBuildConfiguration section */

/* Begin XCConfigurationList section */
		F91BFAF5294E152500A0DE08 /* Build configuration list for PBXProject "What's the color" */ = {
			isa = XCConfigurationList;
			buildConfigurations = (
				F91BFB07294E152A00A0DE08 /* Debug */,
				F91BFB08294E152A00A0DE08 /* Release */,
			);
			defaultConfigurationIsVisible = 0;
			defaultConfigurationName = Release;
		};
		F91BFB09294E152A00A0DE08 /* Build configuration list for PBXNativeTarget "What's the color" */ = {
			isa = XCConfigurationList;
			buildConfigurations = (
				F91BFB0A294E152A00A0DE08 /* Debug */,
				F91BFB0B294E152A00A0DE08 /* Release */,
			);
			defaultConfigurationIsVisible = 0;
			defaultConfigurationName = Release;
		};
/* End XCConfigurationList section */
	};
	rootObject = F91BFAF2294E152500A0DE08 /* Project object */;
}
