// !$*UTF8*$!
{
	archiveVersion = 1;
	classes = {
	};
	objectVersion = 56;
	objects = {

/* Begin PBXBuildFile section */
		F91BFA4A294E0BF900A0DE08 /* WhatsTheColorApp.swift in Sources */ = {isa = PBXBuildFile; fileRef = F91BFA49294E0BF900A0DE08 /* WhatsTheColorApp.swift */; };
		F91BFA4E294E0BFD00A0DE08 /* Assets.xcassets in Resources */ = {isa = PBXBuildFile; fileRef = F91BFA4D294E0BFD00A0DE08 /* Assets.xcassets */; };
		F91BFA52294E0BFD00A0DE08 /* Preview Assets.xcassets in Resources */ = {isa = PBXBuildFile; fileRef = F91BFA51294E0BFD00A0DE08 /* Preview Assets.xcassets */; };
		F91BFAD9294E0F0C00A0DE08 /* RestrictToPortraitKey.swift in Sources */ = {isa = PBXBuildFile; fileRef = F91BFABE294E0F0B00A0DE08 /* RestrictToPortraitKey.swift */; };
		F91BFADA294E0F0C00A0DE08 /* ColorTestViewModel.swift in Sources */ = {isa = PBXBuildFile; fileRef = F91BFAC0294E0F0B00A0DE08 /* ColorTestViewModel.swift */; };
		F91BFADB294E0F0C00A0DE08 /* AppDelegate.swift in Sources */ = {isa = PBXBuildFile; fileRef = F91BFAC1294E0F0B00A0DE08 /* AppDelegate.swift */; };
		F91BFADC294E0F0C00A0DE08 /* TestAverageResult.swift in Sources */ = {isa = PBXBuildFile; fileRef = F91BFAC3294E0F0B00A0DE08 /* TestAverageResult.swift */; };
		F91BFADD294E0F0C00A0DE08 /* TestLevelResult.swift in Sources */ = {isa = PBXBuildFile; fileRef = F91BFAC4294E0F0B00A0DE08 /* TestLevelResult.swift */; };
		F91BFADE294E0F0C00A0DE08 /* ColorType.swift in Sources */ = {isa = PBXBuildFile; fileRef = F91BFAC5294E0F0B00A0DE08 /* ColorType.swift */; };
		F91BFADF294E0F0C00A0DE08 /* ColorBlindnessType.swift in Sources */ = {isa = PBXBuildFile; fileRef = F91BFAC6294E0F0B00A0DE08 /* ColorBlindnessType.swift */; };
		F91BFAE0294E0F0C00A0DE08 /* TestData.swift in Sources */ = {isa = PBXBuildFile; fileRef = F91BFAC7294E0F0B00A0DE08 /* TestData.swift */; };
		F91BFAE1294E0F0C00A0DE08 /* ColorBlindnessTest.swift in Sources */ = {isa = PBXBuildFile; fileRef = F91BFAC8294E0F0B00A0DE08 /* ColorBlindnessTest.swift */; };
		F91BFAE2294E0F0C00A0DE08 /* ColorContext.swift in Sources */ = {isa = PBXBuildFile; fileRef = F91BFAC9294E0F0B00A0DE08 /* ColorContext.swift */; };
		F91BFAE3294E0F0C00A0DE08 /* ColorChoice.swift in Sources */ = {isa = PBXBuildFile; fileRef = F91BFACA294E0F0B00A0DE08 /* ColorChoice.swift */; };
		F91BFAE4294E0F0C00A0DE08 /* TestLevel.swift in Sources */ = {isa = PBXBuildFile; fileRef = F91BFACB294E0F0B00A0DE08 /* TestLevel.swift */; };
		F91BFAE5294E0F0C00A0DE08 /* GroupBoxNavigationLink.swift in Sources */ = {isa = PBXBuildFile; fileRef = F91BFACD294E0F0C00A0DE08 /* GroupBoxNavigationLink.swift */; };
		F91BFAE6294E0F0C00A0DE08 /* TestResultView.swift in Sources */ = {isa = PBXBuildFile; fileRef = F91BFACE294E0F0C00A0DE08 /* TestResultView.swift */; };
		F91BFAE7294E0F0C00A0DE08 /* ColorGridButton.swift in Sources */ = {isa = PBXBuildFile; fileRef = F91BFACF294E0F0C00A0DE08 /* ColorGridButton.swift */; };
		F91BFAE8294E0F0C00A0DE08 /* ColorRecogniserVC.swift in Sources */ = {isa = PBXBuildFile; fileRef = F91BFAD0294E0F0C00A0DE08 /* ColorRecogniserVC.swift */; };
		F91BFAE9294E0F0C00A0DE08 /* ColorTestView.swift in Sources */ = {isa = PBXBuildFile; fileRef = F91BFAD1294E0F0C00A0DE08 /* ColorTestView.swift */; };
		F91BFAEA294E0F0C00A0DE08 /* GroupedGridView.swift in Sources */ = {isa = PBXBuildFile; fileRef = F91BFAD2294E0F0C00A0DE08 /* GroupedGridView.swift */; };
		F91BFAEB294E0F0C00A0DE08 /* ColorBlindnessIconView.swift in Sources */ = {isa = PBXBuildFile; fileRef = F91BFAD3294E0F0C00A0DE08 /* ColorBlindnessIconView.swift */; };
		F91BFAEC294E0F0C00A0DE08 /* CircularProgressView.swift in Sources */ = {isa = PBXBuildFile; fileRef = F91BFAD4294E0F0C00A0DE08 /* CircularProgressView.swift */; };
		F91BFAED294E0F0C00A0DE08 /* ColorBlindnessInfoView.swift in Sources */ = {isa = PBXBuildFile; fileRef = F91BFAD5294E0F0C00A0DE08 /* ColorBlindnessInfoView.swift */; };
		F91BFAEE294E0F0C00A0DE08 /* TestLevelView.swift in Sources */ = {isa = PBXBuildFile; fileRef = F91BFAD6294E0F0C00A0DE08 /* TestLevelView.swift */; };
		F91BFAEF294E0F0C00A0DE08 /* ColorTestInstructionView.swift in Sources */ = {isa = PBXBuildFile; fileRef = F91BFAD7294E0F0C00A0DE08 /* ColorTestInstructionView.swift */; };
		F91BFAF0294E0F0C00A0DE08 /* ContentView.swift in Sources */ = {isa = PBXBuildFile; fileRef = F91BFAD8294E0F0C00A0DE08 /* ContentView.swift */; };
/* End PBXBuildFile section */

/* Begin PBXFileReference section */
		F91BFA46294E0BF900A0DE08 /* WhatsTheColor.app */ = {isa = PBXFileReference; explicitFileType = wrapper.application; includeInIndex = 0; path = WhatsTheColor.app; sourceTree = BUILT_PRODUCTS_DIR; };
		F91BFA49294E0BF900A0DE08 /* WhatsTheColorApp.swift */ = {isa = PBXFileReference; lastKnownFileType = sourcecode.swift; path = WhatsTheColorApp.swift; sourceTree = "<group>"; };
		F91BFA4D294E0BFD00A0DE08 /* Assets.xcassets */ = {isa = PBXFileReference; lastKnownFileType = folder.assetcatalog; path = Assets.xcassets; sourceTree = "<group>"; };
		F91BFA4F294E0BFD00A0DE08 /* WhatsTheColor.entitlements */ = {isa = PBXFileReference; lastKnownFileType = text.plist.entitlements; path = WhatsTheColor.entitlements; sourceTree = "<group>"; };
		F91BFA51294E0BFD00A0DE08 /* Preview Assets.xcassets */ = {isa = PBXFileReference; lastKnownFileType = folder.assetcatalog; path = "Preview Assets.xcassets"; sourceTree = "<group>"; };
		F91BFABE294E0F0B00A0DE08 /* RestrictToPortraitKey.swift */ = {isa = PBXFileReference; fileEncoding = 4; lastKnownFileType = sourcecode.swift; path = RestrictToPortraitKey.swift; sourceTree = "<group>"; };
		F91BFAC0294E0F0B00A0DE08 /* ColorTestViewModel.swift */ = {isa = PBXFileReference; fileEncoding = 4; lastKnownFileType = sourcecode.swift; path = ColorTestViewModel.swift; sourceTree = "<group>"; };
		F91BFAC1294E0F0B00A0DE08 /* AppDelegate.swift */ = {isa = PBXFileReference; fileEncoding = 4; lastKnownFileType = sourcecode.swift; path = AppDelegate.swift; sourceTree = "<group>"; };
		F91BFAC3294E0F0B00A0DE08 /* TestAverageResult.swift */ = {isa = PBXFileReference; fileEncoding = 4; lastKnownFileType = sourcecode.swift; path = TestAverageResult.swift; sourceTree = "<group>"; };
		F91BFAC4294E0F0B00A0DE08 /* TestLevelResult.swift */ = {isa = PBXFileReference; fileEncoding = 4; lastKnownFileType = sourcecode.swift; path = TestLevelResult.swift; sourceTree = "<group>"; };
		F91BFAC5294E0F0B00A0DE08 /* ColorType.swift */ = {isa = PBXFileReference; fileEncoding = 4; lastKnownFileType = sourcecode.swift; path = ColorType.swift; sourceTree = "<group>"; };
		F91BFAC6294E0F0B00A0DE08 /* ColorBlindnessType.swift */ = {isa = PBXFileReference; fileEncoding = 4; lastKnownFileType = sourcecode.swift; path = ColorBlindnessType.swift; sourceTree = "<group>"; };
		F91BFAC7294E0F0B00A0DE08 /* TestData.swift */ = {isa = PBXFileReference; fileEncoding = 4; lastKnownFileType = sourcecode.swift; path = TestData.swift; sourceTree = "<group>"; };
		F91BFAC8294E0F0B00A0DE08 /* ColorBlindnessTest.swift */ = {isa = PBXFileReference; fileEncoding = 4; lastKnownFileType = sourcecode.swift; path = ColorBlindnessTest.swift; sourceTree = "<group>"; };
		F91BFAC9294E0F0B00A0DE08 /* ColorContext.swift */ = {isa = PBXFileReference; fileEncoding = 4; lastKnownFileType = sourcecode.swift; path = ColorContext.swift; sourceTree = "<group>"; };
		F91BFACA294E0F0B00A0DE08 /* ColorChoice.swift */ = {isa = PBXFileReference; fileEncoding = 4; lastKnownFileType = sourcecode.swift; path = ColorChoice.swift; sourceTree = "<group>"; };
		F91BFACB294E0F0B00A0DE08 /* TestLevel.swift */ = {isa = PBXFileReference; fileEncoding = 4; lastKnownFileType = sourcecode.swift; path = TestLevel.swift; sourceTree = "<group>"; };
		F91BFACD294E0F0C00A0DE08 /* GroupBoxNavigationLink.swift */ = {isa = PBXFileReference; fileEncoding = 4; lastKnownFileType = sourcecode.swift; path = GroupBoxNavigationLink.swift; sourceTree = "<group>"; };
		F91BFACE294E0F0C00A0DE08 /* TestResultView.swift */ = {isa = PBXFileReference; fileEncoding = 4; lastKnownFileType = sourcecode.swift; path = TestResultView.swift; sourceTree = "<group>"; };
		F91BFACF294E0F0C00A0DE08 /* ColorGridButton.swift */ = {isa = PBXFileReference; fileEncoding = 4; lastKnownFileType = sourcecode.swift; path = ColorGridButton.swift; sourceTree = "<group>"; };
		F91BFAD0294E0F0C00A0DE08 /* ColorRecogniserVC.swift */ = {isa = PBXFileReference; fileEncoding = 4; lastKnownFileType = sourcecode.swift; path = ColorRecogniserVC.swift; sourceTree = "<group>"; };
		F91BFAD1294E0F0C00A0DE08 /* ColorTestView.swift */ = {isa = PBXFileReference; fileEncoding = 4; lastKnownFileType = sourcecode.swift; path = ColorTestView.swift; sourceTree = "<group>"; };
		F91BFAD2294E0F0C00A0DE08 /* GroupedGridView.swift */ = {isa = PBXFileReference; fileEncoding = 4; lastKnownFileType = sourcecode.swift; path = GroupedGridView.swift; sourceTree = "<group>"; };
		F91BFAD3294E0F0C00A0DE08 /* ColorBlindnessIconView.swift */ = {isa = PBXFileReference; fileEncoding = 4; lastKnownFileType = sourcecode.swift; path = ColorBlindnessIconView.swift; sourceTree = "<group>"; };
		F91BFAD4294E0F0C00A0DE08 /* CircularProgressView.swift */ = {isa = PBXFileReference; fileEncoding = 4; lastKnownFileType = sourcecode.swift; path = CircularProgressView.swift; sourceTree = "<group>"; };
		F91BFAD5294E0F0C00A0DE08 /* ColorBlindnessInfoView.swift */ = {isa = PBXFileReference; fileEncoding = 4; lastKnownFileType = sourcecode.swift; path = ColorBlindnessInfoView.swift; sourceTree = "<group>"; };
		F91BFAD6294E0F0C00A0DE08 /* TestLevelView.swift */ = {isa = PBXFileReference; fileEncoding = 4; lastKnownFileType = sourcecode.swift; path = TestLevelView.swift; sourceTree = "<group>"; };
		F91BFAD7294E0F0C00A0DE08 /* ColorTestInstructionView.swift */ = {isa = PBXFileReference; fileEncoding = 4; lastKnownFileType = sourcecode.swift; path = ColorTestInstructionView.swift; sourceTree = "<group>"; };
		F91BFAD8294E0F0C00A0DE08 /* ContentView.swift */ = {isa = PBXFileReference; fileEncoding = 4; lastKnownFileType = sourcecode.swift; path = ContentView.swift; sourceTree = "<group>"; };
/* End PBXFileReference section */

/* Begin PBXFrameworksBuildPhase section */
		F91BFA43294E0BF900A0DE08 /* Frameworks */ = {
			isa = PBXFrameworksBuildPhase;
			buildActionMask = 2147483647;
			files = (
			);
			runOnlyForDeploymentPostprocessing = 0;
		};
/* End PBXFrameworksBuildPhase section */

/* Begin PBXGroup section */
		F91BFA3D294E0BF800A0DE08 = {
			isa = PBXGroup;
			children = (
				F91BFA48294E0BF900A0DE08 /* WhatsTheColor */,
				F91BFA47294E0BF900A0DE08 /* Products */,
			);
			sourceTree = "<group>";
		};
		F91BFA47294E0BF900A0DE08 /* Products */ = {
			isa = PBXGroup;
			children = (
				F91BFA46294E0BF900A0DE08 /* WhatsTheColor.app */,
			);
			name = Products;
			sourceTree = "<group>";
		};
		F91BFA48294E0BF900A0DE08 /* WhatsTheColor */ = {
			isa = PBXGroup;
			children = (
				F91BFAC1294E0F0B00A0DE08 /* AppDelegate.swift */,
				F91BFA49294E0BF900A0DE08 /* WhatsTheColorApp.swift */,
				F91BFABE294E0F0B00A0DE08 /* RestrictToPortraitKey.swift */,
				F91BFAC2294E0F0B00A0DE08 /* Models */,
				F91BFABF294E0F0B00A0DE08 /* ViewModels */,
				F91BFACC294E0F0C00A0DE08 /* Views */,
				F91BFA4D294E0BFD00A0DE08 /* Assets.xcassets */,
				F91BFA4F294E0BFD00A0DE08 /* WhatsTheColor.entitlements */,
				F91BFA50294E0BFD00A0DE08 /* Preview Content */,
			);
			path = WhatsTheColor;
			sourceTree = "<group>";
		};
		F91BFA50294E0BFD00A0DE08 /* Preview Content */ = {
			isa = PBXGroup;
			children = (
				F91BFA51294E0BFD00A0DE08 /* Preview Assets.xcassets */,
			);
			path = "Preview Content";
			sourceTree = "<group>";
		};
		F91BFABF294E0F0B00A0DE08 /* ViewModels */ = {
			isa = PBXGroup;
			children = (
				F91BFAC0294E0F0B00A0DE08 /* ColorTestViewModel.swift */,
			);
			path = ViewModels;
			sourceTree = "<group>";
		};
		F91BFAC2294E0F0B00A0DE08 /* Models */ = {
			isa = PBXGroup;
			children = (
				F91BFAC3294E0F0B00A0DE08 /* TestAverageResult.swift */,
				F91BFAC4294E0F0B00A0DE08 /* TestLevelResult.swift */,
				F91BFAC5294E0F0B00A0DE08 /* ColorType.swift */,
				F91BFAC6294E0F0B00A0DE08 /* ColorBlindnessType.swift */,
				F91BFAC7294E0F0B00A0DE08 /* TestData.swift */,
				F91BFAC8294E0F0B00A0DE08 /* ColorBlindnessTest.swift */,
				F91BFAC9294E0F0B00A0DE08 /* ColorContext.swift */,
				F91BFACA294E0F0B00A0DE08 /* ColorChoice.swift */,
				F91BFACB294E0F0B00A0DE08 /* TestLevel.swift */,
			);
			path = Models;
			sourceTree = "<group>";
		};
		F91BFACC294E0F0C00A0DE08 /* Views */ = {
			isa = PBXGroup;
			children = (
				F91BFACD294E0F0C00A0DE08 /* GroupBoxNavigationLink.swift */,
				F91BFACE294E0F0C00A0DE08 /* TestResultView.swift */,
				F91BFACF294E0F0C00A0DE08 /* ColorGridButton.swift */,
				F91BFAD0294E0F0C00A0DE08 /* ColorRecogniserVC.swift */,
				F91BFAD1294E0F0C00A0DE08 /* ColorTestView.swift */,
				F91BFAD2294E0F0C00A0DE08 /* GroupedGridView.swift */,
				F91BFAD3294E0F0C00A0DE08 /* ColorBlindnessIconView.swift */,
				F91BFAD4294E0F0C00A0DE08 /* CircularProgressView.swift */,
				F91BFAD5294E0F0C00A0DE08 /* ColorBlindnessInfoView.swift */,
				F91BFAD6294E0F0C00A0DE08 /* TestLevelView.swift */,
				F91BFAD7294E0F0C00A0DE08 /* ColorTestInstructionView.swift */,
				F91BFAD8294E0F0C00A0DE08 /* ContentView.swift */,
			);
			path = Views;
			sourceTree = "<group>";
		};
/* End PBXGroup section */

/* Begin PBXNativeTarget section */
		F91BFA45294E0BF900A0DE08 /* WhatsTheColor */ = {
			isa = PBXNativeTarget;
			buildConfigurationList = F91BFA55294E0BFD00A0DE08 /* Build configuration list for PBXNativeTarget "WhatsTheColor" */;
			buildPhases = (
				F91BFA42294E0BF900A0DE08 /* Sources */,
				F91BFA43294E0BF900A0DE08 /* Frameworks */,
				F91BFA44294E0BF900A0DE08 /* Resources */,
			);
			buildRules = (
			);
			dependencies = (
			);
			name = WhatsTheColor;
			productName = WhatsTheColor;
			productReference = F91BFA46294E0BF900A0DE08 /* WhatsTheColor.app */;
			productType = "com.apple.product-type.application";
		};
/* End PBXNativeTarget section */

/* Begin PBXProject section */
		F91BFA3E294E0BF800A0DE08 /* Project object */ = {
			isa = PBXProject;
			attributes = {
				BuildIndependentTargetsInParallel = 1;
				LastSwiftUpdateCheck = 1410;
				LastUpgradeCheck = 1410;
				TargetAttributes = {
					F91BFA45294E0BF900A0DE08 = {
						CreatedOnToolsVersion = 14.1;
					};
				};
			};
			buildConfigurationList = F91BFA41294E0BF800A0DE08 /* Build configuration list for PBXProject "WhatsTheColor" */;
			compatibilityVersion = "Xcode 14.0";
			developmentRegion = en;
			hasScannedForEncodings = 0;
			knownRegions = (
				en,
				Base,
			);
			mainGroup = F91BFA3D294E0BF800A0DE08;
			productRefGroup = F91BFA47294E0BF900A0DE08 /* Products */;
			projectDirPath = "";
			projectRoot = "";
			targets = (
				F91BFA45294E0BF900A0DE08 /* WhatsTheColor */,
			);
		};
/* End PBXProject section */

/* Begin PBXResourcesBuildPhase section */
		F91BFA44294E0BF900A0DE08 /* Resources */ = {
			isa = PBXResourcesBuildPhase;
			buildActionMask = 2147483647;
			files = (
				F91BFA52294E0BFD00A0DE08 /* Preview Assets.xcassets in Resources */,
				F91BFA4E294E0BFD00A0DE08 /* Assets.xcassets in Resources */,
			);
			runOnlyForDeploymentPostprocessing = 0;
		};
/* End PBXResourcesBuildPhase section */

/* Begin PBXSourcesBuildPhase section */
		F91BFA42294E0BF900A0DE08 /* Sources */ = {
			isa = PBXSourcesBuildPhase;
			buildActionMask = 2147483647;
			files = (
				F91BFAE0294E0F0C00A0DE08 /* TestData.swift in Sources */,
				F91BFAF0294E0F0C00A0DE08 /* ContentView.swift in Sources */,
				F91BFAE7294E0F0C00A0DE08 /* ColorGridButton.swift in Sources */,
				F91BFADB294E0F0C00A0DE08 /* AppDelegate.swift in Sources */,
				F91BFAE4294E0F0C00A0DE08 /* TestLevel.swift in Sources */,
				F91BFAE2294E0F0C00A0DE08 /* ColorContext.swift in Sources */,
				F91BFAE1294E0F0C00A0DE08 /* ColorBlindnessTest.swift in Sources */,
				F91BFADE294E0F0C00A0DE08 /* ColorType.swift in Sources */,
				F91BFAED294E0F0C00A0DE08 /* ColorBlindnessInfoView.swift in Sources */,
				F91BFAEE294E0F0C00A0DE08 /* TestLevelView.swift in Sources */,
				F91BFADD294E0F0C00A0DE08 /* TestLevelResult.swift in Sources */,
				F91BFAE5294E0F0C00A0DE08 /* GroupBoxNavigationLink.swift in Sources */,
				F91BFADC294E0F0C00A0DE08 /* TestAverageResult.swift in Sources */,
				F91BFAEC294E0F0C00A0DE08 /* CircularProgressView.swift in Sources */,
				F91BFAE9294E0F0C00A0DE08 /* ColorTestView.swift in Sources */,
				F91BFAE6294E0F0C00A0DE08 /* TestResultView.swift in Sources */,
				F91BFAEB294E0F0C00A0DE08 /* ColorBlindnessIconView.swift in Sources */,
				F91BFADA294E0F0C00A0DE08 /* ColorTestViewModel.swift in Sources */,
				F91BFAEA294E0F0C00A0DE08 /* GroupedGridView.swift in Sources */,
				F91BFAE8294E0F0C00A0DE08 /* ColorRecogniserVC.swift in Sources */,
				F91BFA4A294E0BF900A0DE08 /* WhatsTheColorApp.swift in Sources */,
				F91BFADF294E0F0C00A0DE08 /* ColorBlindnessType.swift in Sources */,
				F91BFAEF294E0F0C00A0DE08 /* ColorTestInstructionView.swift in Sources */,
				F91BFAE3294E0F0C00A0DE08 /* ColorChoice.swift in Sources */,
				F91BFAD9294E0F0C00A0DE08 /* RestrictToPortraitKey.swift in Sources */,
			);
			runOnlyForDeploymentPostprocessing = 0;
		};
/* End PBXSourcesBuildPhase section */

/* Begin XCBuildConfiguration section */
		F91BFA53294E0BFD00A0DE08 /* Debug */ = {
			isa = XCBuildConfiguration;
			buildSettings = {
				ALWAYS_SEARCH_USER_PATHS = NO;
				CLANG_ANALYZER_NONNULL = YES;
				CLANG_ANALYZER_NUMBER_OBJECT_CONVERSION = YES_AGGRESSIVE;
				CLANG_CXX_LANGUAGE_STANDARD = "gnu++20";
				CLANG_ENABLE_MODULES = YES;
				CLANG_ENABLE_OBJC_ARC = YES;
				CLANG_ENABLE_OBJC_WEAK = YES;
				CLANG_WARN_BLOCK_CAPTURE_AUTORELEASING = YES;
				CLANG_WARN_BOOL_CONVERSION = YES;
				CLANG_WARN_COMMA = YES;
				CLANG_WARN_CONSTANT_CONVERSION = YES;
				CLANG_WARN_DEPRECATED_OBJC_IMPLEMENTATIONS = YES;
				CLANG_WARN_DIRECT_OBJC_ISA_USAGE = YES_ERROR;
				CLANG_WARN_DOCUMENTATION_COMMENTS = YES;
				CLANG_WARN_EMPTY_BODY = YES;
				CLANG_WARN_ENUM_CONVERSION = YES;
				CLANG_WARN_INFINITE_RECURSION = YES;
				CLANG_WARN_INT_CONVERSION = YES;
				CLANG_WARN_NON_LITERAL_NULL_CONVERSION = YES;
				CLANG_WARN_OBJC_IMPLICIT_RETAIN_SELF = YES;
				CLANG_WARN_OBJC_LITERAL_CONVERSION = YES;
				CLANG_WARN_OBJC_ROOT_CLASS = YES_ERROR;
				CLANG_WARN_QUOTED_INCLUDE_IN_FRAMEWORK_HEADER = YES;
				CLANG_WARN_RANGE_LOOP_ANALYSIS = YES;
				CLANG_WARN_STRICT_PROTOTYPES = YES;
				CLANG_WARN_SUSPICIOUS_MOVE = YES;
				CLANG_WARN_UNGUARDED_AVAILABILITY = YES_AGGRESSIVE;
				CLANG_WARN_UNREACHABLE_CODE = YES;
				CLANG_WARN__DUPLICATE_METHOD_MATCH = YES;
				COPY_PHASE_STRIP = NO;
				DEBUG_INFORMATION_FORMAT = dwarf;
				ENABLE_STRICT_OBJC_MSGSEND = YES;
				ENABLE_TESTABILITY = YES;
				GCC_C_LANGUAGE_STANDARD = gnu11;
				GCC_DYNAMIC_NO_PIC = NO;
				GCC_NO_COMMON_BLOCKS = YES;
				GCC_OPTIMIZATION_LEVEL = 0;
				GCC_PREPROCESSOR_DEFINITIONS = (
					"DEBUG=1",
					"$(inherited)",
				);
				GCC_WARN_64_TO_32_BIT_CONVERSION = YES;
				GCC_WARN_ABOUT_RETURN_TYPE = YES_ERROR;
				GCC_WARN_UNDECLARED_SELECTOR = YES;
				GCC_WARN_UNINITIALIZED_AUTOS = YES_AGGRESSIVE;
				GCC_WARN_UNUSED_FUNCTION = YES;
				GCC_WARN_UNUSED_VARIABLE = YES;
				MTL_ENABLE_DEBUG_INFO = INCLUDE_SOURCE;
				MTL_FAST_MATH = YES;
				ONLY_ACTIVE_ARCH = YES;
				SWIFT_ACTIVE_COMPILATION_CONDITIONS = DEBUG;
				SWIFT_OPTIMIZATION_LEVEL = "-Onone";
			};
			name = Debug;
		};
		F91BFA54294E0BFD00A0DE08 /* Release */ = {
			isa = XCBuildConfiguration;
			buildSettings = {
				ALWAYS_SEARCH_USER_PATHS = NO;
				CLANG_ANALYZER_NONNULL = YES;
				CLANG_ANALYZER_NUMBER_OBJECT_CONVERSION = YES_AGGRESSIVE;
				CLANG_CXX_LANGUAGE_STANDARD = "gnu++20";
				CLANG_ENABLE_MODULES = YES;
				CLANG_ENABLE_OBJC_ARC = YES;
				CLANG_ENABLE_OBJC_WEAK = YES;
				CLANG_WARN_BLOCK_CAPTURE_AUTORELEASING = YES;
				CLANG_WARN_BOOL_CONVERSION = YES;
				CLANG_WARN_COMMA = YES;
				CLANG_WARN_CONSTANT_CONVERSION = YES;
				CLANG_WARN_DEPRECATED_OBJC_IMPLEMENTATIONS = YES;
				CLANG_WARN_DIRECT_OBJC_ISA_USAGE = YES_ERROR;
				CLANG_WARN_DOCUMENTATION_COMMENTS = YES;
				CLANG_WARN_EMPTY_BODY = YES;
				CLANG_WARN_ENUM_CONVERSION = YES;
				CLANG_WARN_INFINITE_RECURSION = YES;
				CLANG_WARN_INT_CONVERSION = YES;
				CLANG_WARN_NON_LITERAL_NULL_CONVERSION = YES;
				CLANG_WARN_OBJC_IMPLICIT_RETAIN_SELF = YES;
				CLANG_WARN_OBJC_LITERAL_CONVERSION = YES;
				CLANG_WARN_OBJC_ROOT_CLASS = YES_ERROR;
				CLANG_WARN_QUOTED_INCLUDE_IN_FRAMEWORK_HEADER = YES;
				CLANG_WARN_RANGE_LOOP_ANALYSIS = YES;
				CLANG_WARN_STRICT_PROTOTYPES = YES;
				CLANG_WARN_SUSPICIOUS_MOVE = YES;
				CLANG_WARN_UNGUARDED_AVAILABILITY = YES_AGGRESSIVE;
				CLANG_WARN_UNREACHABLE_CODE = YES;
				CLANG_WARN__DUPLICATE_METHOD_MATCH = YES;
				COPY_PHASE_STRIP = NO;
				DEBUG_INFORMATION_FORMAT = "dwarf-with-dsym";
				ENABLE_NS_ASSERTIONS = NO;
				ENABLE_STRICT_OBJC_MSGSEND = YES;
				GCC_C_LANGUAGE_STANDARD = gnu11;
				GCC_NO_COMMON_BLOCKS = YES;
				GCC_WARN_64_TO_32_BIT_CONVERSION = YES;
				GCC_WARN_ABOUT_RETURN_TYPE = YES_ERROR;
				GCC_WARN_UNDECLARED_SELECTOR = YES;
				GCC_WARN_UNINITIALIZED_AUTOS = YES_AGGRESSIVE;
				GCC_WARN_UNUSED_FUNCTION = YES;
				GCC_WARN_UNUSED_VARIABLE = YES;
				MTL_ENABLE_DEBUG_INFO = NO;
				MTL_FAST_MATH = YES;
				SWIFT_COMPILATION_MODE = wholemodule;
				SWIFT_OPTIMIZATION_LEVEL = "-O";
			};
			name = Release;
		};
		F91BFA56294E0BFD00A0DE08 /* Debug */ = {
			isa = XCBuildConfiguration;
			buildSettings = {
				ASSETCATALOG_COMPILER_APPICON_NAME = AppIcon;
				ASSETCATALOG_COMPILER_GLOBAL_ACCENT_COLOR_NAME = AccentColor;
				CODE_SIGN_ENTITLEMENTS = WhatsTheColor/WhatsTheColor.entitlements;
				CODE_SIGN_STYLE = Automatic;
				CURRENT_PROJECT_VERSION = 1;
				DEVELOPMENT_ASSET_PATHS = "\"WhatsTheColor/Preview Content\"";
				DEVELOPMENT_TEAM = C46R6LYQ84;
				ENABLE_HARDENED_RUNTIME = YES;
				ENABLE_PREVIEWS = YES;
				GENERATE_INFOPLIST_FILE = YES;
				INFOPLIST_KEY_NSCameraUsageDescription = "Whats the color uses camera to detect colors around you.";
				"INFOPLIST_KEY_UIApplicationSceneManifest_Generation[sdk=iphoneos*]" = YES;
				"INFOPLIST_KEY_UIApplicationSceneManifest_Generation[sdk=iphonesimulator*]" = YES;
				"INFOPLIST_KEY_UIApplicationSupportsIndirectInputEvents[sdk=iphoneos*]" = YES;
				"INFOPLIST_KEY_UIApplicationSupportsIndirectInputEvents[sdk=iphonesimulator*]" = YES;
				"INFOPLIST_KEY_UILaunchScreen_Generation[sdk=iphoneos*]" = YES;
				"INFOPLIST_KEY_UILaunchScreen_Generation[sdk=iphonesimulator*]" = YES;
				"INFOPLIST_KEY_UIStatusBarStyle[sdk=iphoneos*]" = UIStatusBarStyleDefault;
				"INFOPLIST_KEY_UIStatusBarStyle[sdk=iphonesimulator*]" = UIStatusBarStyleDefault;
				INFOPLIST_KEY_UISupportedInterfaceOrientations_iPad = "UIInterfaceOrientationPortrait UIInterfaceOrientationPortraitUpsideDown UIInterfaceOrientationLandscapeLeft UIInterfaceOrientationLandscapeRight";
				INFOPLIST_KEY_UISupportedInterfaceOrientations_iPhone = "UIInterfaceOrientationPortrait UIInterfaceOrientationLandscapeLeft UIInterfaceOrientationLandscapeRight";
				IPHONEOS_DEPLOYMENT_TARGET = 15.0;
				LD_RUNPATH_SEARCH_PATHS = "@executable_path/Frameworks";
				"LD_RUNPATH_SEARCH_PATHS[sdk=macosx*]" = "@executable_path/../Frameworks";
				MACOSX_DEPLOYMENT_TARGET = 12.6;
				MARKETING_VERSION = 1.0;
				PRODUCT_BUNDLE_IDENTIFIER = in.pranjalverma.WhatsTheColor;
				PRODUCT_NAME = "$(TARGET_NAME)";
				SDKROOT = auto;
				SUPPORTED_PLATFORMS = "iphoneos iphonesimulator";
				SUPPORTS_MACCATALYST = YES;
				SUPPORTS_MAC_DESIGNED_FOR_IPHONE_IPAD = NO;
				SWIFT_EMIT_LOC_STRINGS = YES;
				SWIFT_VERSION = 5.0;
				TARGETED_DEVICE_FAMILY = "1,2";
			};
			name = Debug;
		};
		F91BFA57294E0BFD00A0DE08 /* Release */ = {
			isa = XCBuildConfiguration;
			buildSettings = {
				ASSETCATALOG_COMPILER_APPICON_NAME = AppIcon;
				ASSETCATALOG_COMPILER_GLOBAL_ACCENT_COLOR_NAME = AccentColor;
				CODE_SIGN_ENTITLEMENTS = WhatsTheColor/WhatsTheColor.entitlements;
				CODE_SIGN_STYLE = Automatic;
				CURRENT_PROJECT_VERSION = 1;
				DEVELOPMENT_ASSET_PATHS = "\"WhatsTheColor/Preview Content\"";
				DEVELOPMENT_TEAM = C46R6LYQ84;
				ENABLE_HARDENED_RUNTIME = YES;
				ENABLE_PREVIEWS = YES;
				GENERATE_INFOPLIST_FILE = YES;
				INFOPLIST_KEY_NSCameraUsageDescription = "Whats the color uses camera to detect colors around you.";
				"INFOPLIST_KEY_UIApplicationSceneManifest_Generation[sdk=iphoneos*]" = YES;
				"INFOPLIST_KEY_UIApplicationSceneManifest_Generation[sdk=iphonesimulator*]" = YES;
				"INFOPLIST_KEY_UIApplicationSupportsIndirectInputEvents[sdk=iphoneos*]" = YES;
				"INFOPLIST_KEY_UIApplicationSupportsIndirectInputEvents[sdk=iphonesimulator*]" = YES;
				"INFOPLIST_KEY_UILaunchScreen_Generation[sdk=iphoneos*]" = YES;
				"INFOPLIST_KEY_UILaunchScreen_Generation[sdk=iphonesimulator*]" = YES;
				"INFOPLIST_KEY_UIStatusBarStyle[sdk=iphoneos*]" = UIStatusBarStyleDefault;
				"INFOPLIST_KEY_UIStatusBarStyle[sdk=iphonesimulator*]" = UIStatusBarStyleDefault;
				INFOPLIST_KEY_UISupportedInterfaceOrientations_iPad = "UIInterfaceOrientationPortrait UIInterfaceOrientationPortraitUpsideDown UIInterfaceOrientationLandscapeLeft UIInterfaceOrientationLandscapeRight";
				INFOPLIST_KEY_UISupportedInterfaceOrientations_iPhone = "UIInterfaceOrientationPortrait UIInterfaceOrientationLandscapeLeft UIInterfaceOrientationLandscapeRight";
				IPHONEOS_DEPLOYMENT_TARGET = 15.0;
				LD_RUNPATH_SEARCH_PATHS = "@executable_path/Frameworks";
				"LD_RUNPATH_SEARCH_PATHS[sdk=macosx*]" = "@executable_path/../Frameworks";
				MACOSX_DEPLOYMENT_TARGET = 12.6;
				MARKETING_VERSION = 1.0;
				PRODUCT_BUNDLE_IDENTIFIER = in.pranjalverma.WhatsTheColor;
				PRODUCT_NAME = "$(TARGET_NAME)";
				SDKROOT = auto;
				SUPPORTED_PLATFORMS = "iphoneos iphonesimulator";
				SUPPORTS_MACCATALYST = YES;
				SUPPORTS_MAC_DESIGNED_FOR_IPHONE_IPAD = NO;
				SWIFT_EMIT_LOC_STRINGS = YES;
				SWIFT_VERSION = 5.0;
				TARGETED_DEVICE_FAMILY = "1,2";
			};
			name = Release;
		};
/* End XCBuildConfiguration section */

/* Begin XCConfigurationList section */
		F91BFA41294E0BF800A0DE08 /* Build configuration list for PBXProject "WhatsTheColor" */ = {
			isa = XCConfigurationList;
			buildConfigurations = (
				F91BFA53294E0BFD00A0DE08 /* Debug */,
				F91BFA54294E0BFD00A0DE08 /* Release */,
			);
			defaultConfigurationIsVisible = 0;
			defaultConfigurationName = Release;
		};
		F91BFA55294E0BFD00A0DE08 /* Build configuration list for PBXNativeTarget "WhatsTheColor" */ = {
			isa = XCConfigurationList;
			buildConfigurations = (
				F91BFA56294E0BFD00A0DE08 /* Debug */,
				F91BFA57294E0BFD00A0DE08 /* Release */,
			);
			defaultConfigurationIsVisible = 0;
			defaultConfigurationName = Release;
		};
/* End XCConfigurationList section */
	};
	rootObject = F91BFA3E294E0BF800A0DE08 /* Project object */;
}
